
Microsoft Visual Studio Solution File, Format Version 12.00
# Visual Studio Version 16
VisualStudioVersion = 16.0.30711.63
MinimumVisualStudioVersion = 10.0.40219.1
Project("{FAE04EC0-301F-11D3-BF4B-00C04F79EFBC}") = "Electronics Shop", "Electronics Shop.csproj", "{2E9A8D62-E825-4116-B91F-645B052C106F}"
EndProject
Global
	GlobalSection(SolutionConfigurationPlatforms) = preSolution
		Debug|Any CPU = Debug|Any CPU
		Release|Any CPU = Release|Any CPU
	EndGlobalSection
	GlobalSection(ProjectConfigurationPlatforms) = postSolution
		{2E9A8D62-E825-4116-B91F-645B052C106F}.Debug|Any CPU.ActiveCfg = Debug|Any CPU
		{2E9A8D62-E825-4116-B91F-645B052C106F}.Debug|Any CPU.Build.0 = Debug|Any CPU
		{2E9A8D62-E825-4116-B91F-645B052C106F}.Release|Any CPU.ActiveCfg = Release|Any CPU
		{2E9A8D62-E825-4116-B91F-645B052C106F}.Release|Any CPU.Build.0 = Release|Any CPU
	EndGlobalSection
	GlobalSection(SolutionProperties) = preSolution
		HideSolutionNode = FALSE
	EndGlobalSection
	GlobalSection(ExtensibilityGlobals) = postSolution
		SolutionGuid = {59E05615-F6EB-402F-91AF-2B8C79A2F531}
	EndGlobalSection
EndGlobal
